// !$*UTF8*$!
{
	archiveVersion = 1;
	classes = {
	};
	objectVersion = 50;
	objects = {

/* Begin PBXBuildFile section */
		2B32CC9E22281EAA00731DA5 /* Board.swift in Sources */ = {isa = PBXBuildFile; fileRef = 2B32CC9D22281EAA00731DA5 /* Board.swift */; };
		2B971449221EC36200F15EBC /* .swiftlint.yml in Resources */ = {isa = PBXBuildFile; fileRef = 2B971448221EC36200F15EBC /* .swiftlint.yml */; };
		2BDF435F220CE65B00194737 /* AppDelegate.swift in Sources */ = {isa = PBXBuildFile; fileRef = 2BDF435E220CE65B00194737 /* AppDelegate.swift */; };
		2BDF4364220CE65B00194737 /* Main.storyboard in Resources */ = {isa = PBXBuildFile; fileRef = 2BDF4362220CE65B00194737 /* Main.storyboard */; };
		2BDF4366220CE65D00194737 /* Assets.xcassets in Resources */ = {isa = PBXBuildFile; fileRef = 2BDF4365220CE65D00194737 /* Assets.xcassets */; };
		2BDF4369220CE65D00194737 /* LaunchScreen.storyboard in Resources */ = {isa = PBXBuildFile; fileRef = 2BDF4367220CE65D00194737 /* LaunchScreen.storyboard */; };
		2BDF4374220CE65E00194737 /* GChessTests.swift in Sources */ = {isa = PBXBuildFile; fileRef = 2BDF4373220CE65E00194737 /* GChessTests.swift */; };
		2BDF437F220CE65E00194737 /* GChessUITests.swift in Sources */ = {isa = PBXBuildFile; fileRef = 2BDF437E220CE65E00194737 /* GChessUITests.swift */; };
		2BF91130221C1B45002BA2D2 /* Chess.swift in Sources */ = {isa = PBXBuildFile; fileRef = 2BF9112F221C1B45002BA2D2 /* Chess.swift */; };
		2BF91136221C47A0002BA2D2 /* GameViewController.swift in Sources */ = {isa = PBXBuildFile; fileRef = 2BF91135221C47A0002BA2D2 /* GameViewController.swift */; };
		2BF9113A221C4C6E002BA2D2 /* SquareCell.swift in Sources */ = {isa = PBXBuildFile; fileRef = 2BF91139221C4C6E002BA2D2 /* SquareCell.swift */; };
/* End PBXBuildFile section */

/* Begin PBXContainerItemProxy section */
		2BDF4370220CE65E00194737 /* PBXContainerItemProxy */ = {
			isa = PBXContainerItemProxy;
			containerPortal = 2BDF4353220CE65B00194737 /* Project object */;
			proxyType = 1;
			remoteGlobalIDString = 2BDF435A220CE65B00194737;
			remoteInfo = GChess;
		};
		2BDF437B220CE65E00194737 /* PBXContainerItemProxy */ = {
			isa = PBXContainerItemProxy;
			containerPortal = 2BDF4353220CE65B00194737 /* Project object */;
			proxyType = 1;
			remoteGlobalIDString = 2BDF435A220CE65B00194737;
			remoteInfo = GChess;
		};
/* End PBXContainerItemProxy section */

/* Begin PBXFileReference section */
		2B32CC9D22281EAA00731DA5 /* Board.swift */ = {isa = PBXFileReference; lastKnownFileType = sourcecode.swift; path = Board.swift; sourceTree = "<group>"; };
		2B971448221EC36200F15EBC /* .swiftlint.yml */ = {isa = PBXFileReference; lastKnownFileType = text; path = .swiftlint.yml; sourceTree = "<group>"; };
		2BDF435B220CE65B00194737 /* GChess.app */ = {isa = PBXFileReference; explicitFileType = wrapper.application; includeInIndex = 0; path = GChess.app; sourceTree = BUILT_PRODUCTS_DIR; };
		2BDF435E220CE65B00194737 /* AppDelegate.swift */ = {isa = PBXFileReference; lastKnownFileType = sourcecode.swift; path = AppDelegate.swift; sourceTree = "<group>"; };
		2BDF4363220CE65B00194737 /* Base */ = {isa = PBXFileReference; lastKnownFileType = file.storyboard; name = Base; path = Base.lproj/Main.storyboard; sourceTree = "<group>"; };
		2BDF4365220CE65D00194737 /* Assets.xcassets */ = {isa = PBXFileReference; lastKnownFileType = folder.assetcatalog; path = Assets.xcassets; sourceTree = "<group>"; };
		2BDF4368220CE65D00194737 /* Base */ = {isa = PBXFileReference; lastKnownFileType = file.storyboard; name = Base; path = Base.lproj/LaunchScreen.storyboard; sourceTree = "<group>"; };
		2BDF436A220CE65D00194737 /* Info.plist */ = {isa = PBXFileReference; lastKnownFileType = text.plist.xml; path = Info.plist; sourceTree = "<group>"; };
		2BDF436F220CE65E00194737 /* GChessTests.xctest */ = {isa = PBXFileReference; explicitFileType = wrapper.cfbundle; includeInIndex = 0; path = GChessTests.xctest; sourceTree = BUILT_PRODUCTS_DIR; };
		2BDF4373220CE65E00194737 /* GChessTests.swift */ = {isa = PBXFileReference; lastKnownFileType = sourcecode.swift; path = GChessTests.swift; sourceTree = "<group>"; };
		2BDF4375220CE65E00194737 /* Info.plist */ = {isa = PBXFileReference; lastKnownFileType = text.plist.xml; path = Info.plist; sourceTree = "<group>"; };
		2BDF437A220CE65E00194737 /* GChessUITests.xctest */ = {isa = PBXFileReference; explicitFileType = wrapper.cfbundle; includeInIndex = 0; path = GChessUITests.xctest; sourceTree = BUILT_PRODUCTS_DIR; };
		2BDF437E220CE65E00194737 /* GChessUITests.swift */ = {isa = PBXFileReference; lastKnownFileType = sourcecode.swift; path = GChessUITests.swift; sourceTree = "<group>"; };
		2BDF4380220CE65E00194737 /* Info.plist */ = {isa = PBXFileReference; lastKnownFileType = text.plist.xml; path = Info.plist; sourceTree = "<group>"; };
		2BF9112F221C1B45002BA2D2 /* Chess.swift */ = {isa = PBXFileReference; lastKnownFileType = sourcecode.swift; path = Chess.swift; sourceTree = "<group>"; };
		2BF91135221C47A0002BA2D2 /* GameViewController.swift */ = {isa = PBXFileReference; lastKnownFileType = sourcecode.swift; path = GameViewController.swift; sourceTree = "<group>"; };
		2BF91139221C4C6E002BA2D2 /* SquareCell.swift */ = {isa = PBXFileReference; lastKnownFileType = sourcecode.swift; path = SquareCell.swift; sourceTree = "<group>"; };
/* End PBXFileReference section */

/* Begin PBXFrameworksBuildPhase section */
		2BDF4358220CE65B00194737 /* Frameworks */ = {
			isa = PBXFrameworksBuildPhase;
			buildActionMask = 2147483647;
			files = (
			);
			runOnlyForDeploymentPostprocessing = 0;
		};
		2BDF436C220CE65E00194737 /* Frameworks */ = {
			isa = PBXFrameworksBuildPhase;
			buildActionMask = 2147483647;
			files = (
			);
			runOnlyForDeploymentPostprocessing = 0;
		};
		2BDF4377220CE65E00194737 /* Frameworks */ = {
			isa = PBXFrameworksBuildPhase;
			buildActionMask = 2147483647;
			files = (
			);
			runOnlyForDeploymentPostprocessing = 0;
		};
/* End PBXFrameworksBuildPhase section */

/* Begin PBXGroup section */
		2BDF4352220CE65B00194737 = {
			isa = PBXGroup;
			children = (
				2B971448221EC36200F15EBC /* .swiftlint.yml */,
				2BDF435D220CE65B00194737 /* GChess */,
				2BDF4372220CE65E00194737 /* GChessTests */,
				2BDF437D220CE65E00194737 /* GChessUITests */,
				2BDF435C220CE65B00194737 /* Products */,
			);
			sourceTree = "<group>";
		};
		2BDF435C220CE65B00194737 /* Products */ = {
			isa = PBXGroup;
			children = (
				2BDF435B220CE65B00194737 /* GChess.app */,
				2BDF436F220CE65E00194737 /* GChessTests.xctest */,
				2BDF437A220CE65E00194737 /* GChessUITests.xctest */,
			);
			name = Products;
			sourceTree = "<group>";
		};
		2BDF435D220CE65B00194737 /* GChess */ = {
			isa = PBXGroup;
			children = (
				2BF91139221C4C6E002BA2D2 /* SquareCell.swift */,
				2BF91135221C47A0002BA2D2 /* GameViewController.swift */,
				2BDF435E220CE65B00194737 /* AppDelegate.swift */,
				2BF9112F221C1B45002BA2D2 /* Chess.swift */,
				2B32CC9D22281EAA00731DA5 /* Board.swift */,
				2BDF4362220CE65B00194737 /* Main.storyboard */,
				2BDF4365220CE65D00194737 /* Assets.xcassets */,
				2BDF4367220CE65D00194737 /* LaunchScreen.storyboard */,
				2BDF436A220CE65D00194737 /* Info.plist */,
			);
			path = GChess;
			sourceTree = "<group>";
		};
		2BDF4372220CE65E00194737 /* GChessTests */ = {
			isa = PBXGroup;
			children = (
				2BDF4373220CE65E00194737 /* GChessTests.swift */,
				2BDF4375220CE65E00194737 /* Info.plist */,
			);
			path = GChessTests;
			sourceTree = "<group>";
		};
		2BDF437D220CE65E00194737 /* GChessUITests */ = {
			isa = PBXGroup;
			children = (
				2BDF437E220CE65E00194737 /* GChessUITests.swift */,
				2BDF4380220CE65E00194737 /* Info.plist */,
			);
			path = GChessUITests;
			sourceTree = "<group>";
		};
/* End PBXGroup section */

/* Begin PBXNativeTarget section */
		2BDF435A220CE65B00194737 /* GChess */ = {
			isa = PBXNativeTarget;
			buildConfigurationList = 2BDF4383220CE65E00194737 /* Build configuration list for PBXNativeTarget "GChess" */;
			buildPhases = (
				2BDF4357220CE65B00194737 /* Sources */,
				2BDF4358220CE65B00194737 /* Frameworks */,
				2BDF4359220CE65B00194737 /* Resources */,
			);
			buildRules = (
			);
			dependencies = (
			);
			name = GChess;
			productName = GChess;
			productReference = 2BDF435B220CE65B00194737 /* GChess.app */;
			productType = "com.apple.product-type.application";
		};
		2BDF436E220CE65E00194737 /* GChessTests */ = {
			isa = PBXNativeTarget;
			buildConfigurationList = 2BDF4386220CE65E00194737 /* Build configuration list for PBXNativeTarget "GChessTests" */;
			buildPhases = (
				2BDF436B220CE65E00194737 /* Sources */,
				2BDF436C220CE65E00194737 /* Frameworks */,
				2BDF436D220CE65E00194737 /* Resources */,
			);
			buildRules = (
			);
			dependencies = (
				2BDF4371220CE65E00194737 /* PBXTargetDependency */,
			);
			name = GChessTests;
			productName = GChessTests;
			productReference = 2BDF436F220CE65E00194737 /* GChessTests.xctest */;
			productType = "com.apple.product-type.bundle.unit-test";
		};
		2BDF4379220CE65E00194737 /* GChessUITests */ = {
			isa = PBXNativeTarget;
			buildConfigurationList = 2BDF4389220CE65E00194737 /* Build configuration list for PBXNativeTarget "GChessUITests" */;
			buildPhases = (
				2BDF4376220CE65E00194737 /* Sources */,
				2BDF4377220CE65E00194737 /* Frameworks */,
				2BDF4378220CE65E00194737 /* Resources */,
			);
			buildRules = (
			);
			dependencies = (
				2BDF437C220CE65E00194737 /* PBXTargetDependency */,
			);
			name = GChessUITests;
			productName = GChessUITests;
			productReference = 2BDF437A220CE65E00194737 /* GChessUITests.xctest */;
			productType = "com.apple.product-type.bundle.ui-testing";
		};
/* End PBXNativeTarget section */

/* Begin PBXProject section */
		2BDF4353220CE65B00194737 /* Project object */ = {
			isa = PBXProject;
			attributes = {
				LastSwiftUpdateCheck = 1010;
				LastUpgradeCheck = 1010;
				ORGANIZATIONNAME = "James O'Reilly";
				TargetAttributes = {
					2BDF435A220CE65B00194737 = {
						CreatedOnToolsVersion = 10.1;
					};
					2BDF436E220CE65E00194737 = {
						CreatedOnToolsVersion = 10.1;
						TestTargetID = 2BDF435A220CE65B00194737;
					};
					2BDF4379220CE65E00194737 = {
						CreatedOnToolsVersion = 10.1;
						TestTargetID = 2BDF435A220CE65B00194737;
					};
				};
			};
			buildConfigurationList = 2BDF4356220CE65B00194737 /* Build configuration list for PBXProject "GChess" */;
			compatibilityVersion = "Xcode 9.3";
			developmentRegion = en;
			hasScannedForEncodings = 0;
			knownRegions = (
				en,
				Base,
			);
			mainGroup = 2BDF4352220CE65B00194737;
			productRefGroup = 2BDF435C220CE65B00194737 /* Products */;
			projectDirPath = "";
			projectRoot = "";
			targets = (
				2BDF435A220CE65B00194737 /* GChess */,
				2BDF436E220CE65E00194737 /* GChessTests */,
				2BDF4379220CE65E00194737 /* GChessUITests */,
			);
		};
/* End PBXProject section */

/* Begin PBXResourcesBuildPhase section */
		2BDF4359220CE65B00194737 /* Resources */ = {
			isa = PBXResourcesBuildPhase;
			buildActionMask = 2147483647;
			files = (
				2B971449221EC36200F15EBC /* .swiftlint.yml in Resources */,
				2BDF4369220CE65D00194737 /* LaunchScreen.storyboard in Resources */,
				2BDF4366220CE65D00194737 /* Assets.xcassets in Resources */,
				2BDF4364220CE65B00194737 /* Main.storyboard in Resources */,
			);
			runOnlyForDeploymentPostprocessing = 0;
		};
		2BDF436D220CE65E00194737 /* Resources */ = {
			isa = PBXResourcesBuildPhase;
			buildActionMask = 2147483647;
			files = (
			);
			runOnlyForDeploymentPostprocessing = 0;
		};
		2BDF4378220CE65E00194737 /* Resources */ = {
			isa = PBXResourcesBuildPhase;
			buildActionMask = 2147483647;
			files = (
			);
			runOnlyForDeploymentPostprocessing = 0;
		};
/* End PBXResourcesBuildPhase section */

/* Begin PBXSourcesBuildPhase section */
		2BDF4357220CE65B00194737 /* Sources */ = {
			isa = PBXSourcesBuildPhase;
			buildActionMask = 2147483647;
			files = (
				2BF9113A221C4C6E002BA2D2 /* SquareCell.swift in Sources */,
				2BF91136221C47A0002BA2D2 /* GameViewController.swift in Sources */,
				2B32CC9E22281EAA00731DA5 /* Board.swift in Sources */,
				2BF91130221C1B45002BA2D2 /* Chess.swift in Sources */,
				2BDF435F220CE65B00194737 /* AppDelegate.swift in Sources */,
			);
			runOnlyForDeploymentPostprocessing = 0;
		};
		2BDF436B220CE65E00194737 /* Sources */ = {
			isa = PBXSourcesBuildPhase;
			buildActionMask = 2147483647;
			files = (
				2BDF4374220CE65E00194737 /* GChessTests.swift in Sources */,
			);
			runOnlyForDeploymentPostprocessing = 0;
		};
		2BDF4376220CE65E00194737 /* Sources */ = {
			isa = PBXSourcesBuildPhase;
			buildActionMask = 2147483647;
			files = (
				2BDF437F220CE65E00194737 /* GChessUITests.swift in Sources */,
			);
			runOnlyForDeploymentPostprocessing = 0;
		};
/* End PBXSourcesBuildPhase section */

/* Begin PBXTargetDependency section */
		2BDF4371220CE65E00194737 /* PBXTargetDependency */ = {
			isa = PBXTargetDependency;
			target = 2BDF435A220CE65B00194737 /* GChess */;
			targetProxy = 2BDF4370220CE65E00194737 /* PBXContainerItemProxy */;
		};
		2BDF437C220CE65E00194737 /* PBXTargetDependency */ = {
			isa = PBXTargetDependency;
			target = 2BDF435A220CE65B00194737 /* GChess */;
			targetProxy = 2BDF437B220CE65E00194737 /* PBXContainerItemProxy */;
		};
/* End PBXTargetDependency section */

/* Begin PBXVariantGroup section */
		2BDF4362220CE65B00194737 /* Main.storyboard */ = {
			isa = PBXVariantGroup;
			children = (
				2BDF4363220CE65B00194737 /* Base */,
			);
			name = Main.storyboard;
			sourceTree = "<group>";
		};
		2BDF4367220CE65D00194737 /* LaunchScreen.storyboard */ = {
			isa = PBXVariantGroup;
			children = (
				2BDF4368220CE65D00194737 /* Base */,
			);
			name = LaunchScreen.storyboard;
			sourceTree = "<group>";
		};
/* End PBXVariantGroup section */

/* Begin XCBuildConfiguration section */
		2BDF4381220CE65E00194737 /* Debug */ = {
			isa = XCBuildConfiguration;
			buildSettings = {
				ALWAYS_SEARCH_USER_PATHS = NO;
				CLANG_ANALYZER_NONNULL = YES;
				CLANG_ANALYZER_NUMBER_OBJECT_CONVERSION = YES_AGGRESSIVE;
				CLANG_CXX_LANGUAGE_STANDARD = "gnu++14";
				CLANG_CXX_LIBRARY = "libc++";
				CLANG_ENABLE_MODULES = YES;
				CLANG_ENABLE_OBJC_ARC = YES;
				CLANG_ENABLE_OBJC_WEAK = YES;
				CLANG_WARN_BLOCK_CAPTURE_AUTORELEASING = YES;
				CLANG_WARN_BOOL_CONVERSION = YES;
				CLANG_WARN_COMMA = YES;
				CLANG_WARN_CONSTANT_CONVERSION = YES;
				CLANG_WARN_DEPRECATED_OBJC_IMPLEMENTATIONS = YES;
				CLANG_WARN_DIRECT_OBJC_ISA_USAGE = YES_ERROR;
				CLANG_WARN_DOCUMENTATION_COMMENTS = YES;
				CLANG_WARN_EMPTY_BODY = YES;
				CLANG_WARN_ENUM_CONVERSION = YES;
				CLANG_WARN_INFINITE_RECURSION = YES;
				CLANG_WARN_INT_CONVERSION = YES;
				CLANG_WARN_NON_LITERAL_NULL_CONVERSION = YES;
				CLANG_WARN_OBJC_IMPLICIT_RETAIN_SELF = YES;
				CLANG_WARN_OBJC_LITERAL_CONVERSION = YES;
				CLANG_WARN_OBJC_ROOT_CLASS = YES_ERROR;
				CLANG_WARN_RANGE_LOOP_ANALYSIS = YES;
				CLANG_WARN_STRICT_PROTOTYPES = YES;
				CLANG_WARN_SUSPICIOUS_MOVE = YES;
				CLANG_WARN_UNGUARDED_AVAILABILITY = YES_AGGRESSIVE;
				CLANG_WARN_UNREACHABLE_CODE = YES;
				CLANG_WARN__DUPLICATE_METHOD_MATCH = YES;
				CODE_SIGN_IDENTITY = "iPhone Developer";
				COPY_PHASE_STRIP = NO;
				DEBUG_INFORMATION_FORMAT = dwarf;
				ENABLE_STRICT_OBJC_MSGSEND = YES;
				ENABLE_TESTABILITY = YES;
				GCC_C_LANGUAGE_STANDARD = gnu11;
				GCC_DYNAMIC_NO_PIC = NO;
				GCC_NO_COMMON_BLOCKS = YES;
				GCC_OPTIMIZATION_LEVEL = 0;
				GCC_PREPROCESSOR_DEFINITIONS = (
					"DEBUG=1",
					"$(inherited)",
				);
				GCC_WARN_64_TO_32_BIT_CONVERSION = YES;
				GCC_WARN_ABOUT_RETURN_TYPE = YES_ERROR;
				GCC_WARN_UNDECLARED_SELECTOR = YES;
				GCC_WARN_UNINITIALIZED_AUTOS = YES_AGGRESSIVE;
				GCC_WARN_UNUSED_FUNCTION = YES;
				GCC_WARN_UNUSED_VARIABLE = YES;
				IPHONEOS_DEPLOYMENT_TARGET = 12.1;
				MTL_ENABLE_DEBUG_INFO = INCLUDE_SOURCE;
				MTL_FAST_MATH = YES;
				ONLY_ACTIVE_ARCH = YES;
				SDKROOT = iphoneos;
				SWIFT_ACTIVE_COMPILATION_CONDITIONS = DEBUG;
				SWIFT_OPTIMIZATION_LEVEL = "-Onone";
			};
			name = Debug;
		};
		2BDF4382220CE65E00194737 /* Release */ = {
			isa = XCBuildConfiguration;
			buildSettings = {
				ALWAYS_SEARCH_USER_PATHS = NO;
				CLANG_ANALYZER_NONNULL = YES;
				CLANG_ANALYZER_NUMBER_OBJECT_CONVERSION = YES_AGGRESSIVE;
				CLANG_CXX_LANGUAGE_STANDARD = "gnu++14";
				CLANG_CXX_LIBRARY = "libc++";
				CLANG_ENABLE_MODULES = YES;
				CLANG_ENABLE_OBJC_ARC = YES;
				CLANG_ENABLE_OBJC_WEAK = YES;
				CLANG_WARN_BLOCK_CAPTURE_AUTORELEASING = YES;
				CLANG_WARN_BOOL_CONVERSION = YES;
				CLANG_WARN_COMMA = YES;
				CLANG_WARN_CONSTANT_CONVERSION = YES;
				CLANG_WARN_DEPRECATED_OBJC_IMPLEMENTATIONS = YES;
				CLANG_WARN_DIRECT_OBJC_ISA_USAGE = YES_ERROR;
				CLANG_WARN_DOCUMENTATION_COMMENTS = YES;
				CLANG_WARN_EMPTY_BODY = YES;
				CLANG_WARN_ENUM_CONVERSION = YES;
				CLANG_WARN_INFINITE_RECURSION = YES;
				CLANG_WARN_INT_CONVERSION = YES;
				CLANG_WARN_NON_LITERAL_NULL_CONVERSION = YES;
				CLANG_WARN_OBJC_IMPLICIT_RETAIN_SELF = YES;
				CLANG_WARN_OBJC_LITERAL_CONVERSION = YES;
				CLANG_WARN_OBJC_ROOT_CLASS = YES_ERROR;
				CLANG_WARN_RANGE_LOOP_ANALYSIS = YES;
				CLANG_WARN_STRICT_PROTOTYPES = YES;
				CLANG_WARN_SUSPICIOUS_MOVE = YES;
				CLANG_WARN_UNGUARDED_AVAILABILITY = YES_AGGRESSIVE;
				CLANG_WARN_UNREACHABLE_CODE = YES;
				CLANG_WARN__DUPLICATE_METHOD_MATCH = YES;
				CODE_SIGN_IDENTITY = "iPhone Developer";
				COPY_PHASE_STRIP = NO;
				DEBUG_INFORMATION_FORMAT = "dwarf-with-dsym";
				ENABLE_NS_ASSERTIONS = NO;
				ENABLE_STRICT_OBJC_MSGSEND = YES;
				GCC_C_LANGUAGE_STANDARD = gnu11;
				GCC_NO_COMMON_BLOCKS = YES;
				GCC_WARN_64_TO_32_BIT_CONVERSION = YES;
				GCC_WARN_ABOUT_RETURN_TYPE = YES_ERROR;
				GCC_WARN_UNDECLARED_SELECTOR = YES;
				GCC_WARN_UNINITIALIZED_AUTOS = YES_AGGRESSIVE;
				GCC_WARN_UNUSED_FUNCTION = YES;
				GCC_WARN_UNUSED_VARIABLE = YES;
				IPHONEOS_DEPLOYMENT_TARGET = 12.1;
				MTL_ENABLE_DEBUG_INFO = NO;
				MTL_FAST_MATH = YES;
				SDKROOT = iphoneos;
				SWIFT_COMPILATION_MODE = wholemodule;
				SWIFT_OPTIMIZATION_LEVEL = "-O";
				VALIDATE_PRODUCT = YES;
			};
			name = Release;
		};
		2BDF4384220CE65E00194737 /* Debug */ = {
			isa = XCBuildConfiguration;
			buildSettings = {
				ASSETCATALOG_COMPILER_APPICON_NAME = AppIcon;
				CODE_SIGN_STYLE = Automatic;
				DEVELOPMENT_TEAM = 4PB52MPJS2;
				INFOPLIST_FILE = GChess/Info.plist;
				LD_RUNPATH_SEARCH_PATHS = (
					"$(inherited)",
					"@executable_path/Frameworks",
				);
				PRODUCT_BUNDLE_IDENTIFIER = com.meshpi.GChess;
				PRODUCT_NAME = "$(TARGET_NAME)";
				SWIFT_VERSION = 4.2;
				TARGETED_DEVICE_FAMILY = "1,2";
			};
			name = Debug;
		};
		2BDF4385220CE65E00194737 /* Release */ = {
			isa = XCBuildConfiguration;
			buildSettings = {
				ASSETCATALOG_COMPILER_APPICON_NAME = AppIcon;
				CODE_SIGN_STYLE = Automatic;
				DEVELOPMENT_TEAM = 4PB52MPJS2;
				INFOPLIST_FILE = GChess/Info.plist;
				LD_RUNPATH_SEARCH_PATHS = (
					"$(inherited)",
					"@executable_path/Frameworks",
				);
				PRODUCT_BUNDLE_IDENTIFIER = com.meshpi.GChess;
				PRODUCT_NAME = "$(TARGET_NAME)";
				SWIFT_VERSION = 4.2;
				TARGETED_DEVICE_FAMILY = "1,2";
			};
			name = Release;
		};
		2BDF4387220CE65E00194737 /* Debug */ = {
			isa = XCBuildConfiguration;
			buildSettings = {
				ALWAYS_EMBED_SWIFT_STANDARD_LIBRARIES = YES;
				BUNDLE_LOADER = "$(TEST_HOST)";
				CODE_SIGN_STYLE = Automatic;
				DEVELOPMENT_TEAM = 4PB52MPJS2;
				INFOPLIST_FILE = GChessTests/Info.plist;
				LD_RUNPATH_SEARCH_PATHS = (
					"$(inherited)",
					"@executable_path/Frameworks",
					"@loader_path/Frameworks",
				);
				PRODUCT_BUNDLE_IDENTIFIER = com.meshpi.GChessTests;
				PRODUCT_NAME = "$(TARGET_NAME)";
				SWIFT_VERSION = 4.2;
				TARGETED_DEVICE_FAMILY = "1,2";
				TEST_HOST = "$(BUILT_PRODUCTS_DIR)/GChess.app/GChess";
			};
			name = Debug;
		};
		2BDF4388220CE65E00194737 /* Release */ = {
			isa = XCBuildConfiguration;
			buildSettings = {
				ALWAYS_EMBED_SWIFT_STANDARD_LIBRARIES = YES;
				BUNDLE_LOADER = "$(TEST_HOST)";
				CODE_SIGN_STYLE = Automatic;
				DEVELOPMENT_TEAM = 4PB52MPJS2;
				INFOPLIST_FILE = GChessTests/Info.plist;
				LD_RUNPATH_SEARCH_PATHS = (
					"$(inherited)",
					"@executable_path/Frameworks",
					"@loader_path/Frameworks",
				);
				PRODUCT_BUNDLE_IDENTIFIER = com.meshpi.GChessTests;
				PRODUCT_NAME = "$(TARGET_NAME)";
				SWIFT_VERSION = 4.2;
				TARGETED_DEVICE_FAMILY = "1,2";
				TEST_HOST = "$(BUILT_PRODUCTS_DIR)/GChess.app/GChess";
			};
			name = Release;
		};
		2BDF438A220CE65E00194737 /* Debug */ = {
			isa = XCBuildConfiguration;
			buildSettings = {
				ALWAYS_EMBED_SWIFT_STANDARD_LIBRARIES = YES;
				CODE_SIGN_STYLE = Automatic;
				DEVELOPMENT_TEAM = 4PB52MPJS2;
				INFOPLIST_FILE = GChessUITests/Info.plist;
				LD_RUNPATH_SEARCH_PATHS = (
					"$(inherited)",
					"@executable_path/Frameworks",
					"@loader_path/Frameworks",
				);
				PRODUCT_BUNDLE_IDENTIFIER = com.meshpi.GChessUITests;
				PRODUCT_NAME = "$(TARGET_NAME)";
				SWIFT_VERSION = 4.2;
				TARGETED_DEVICE_FAMILY = "1,2";
				TEST_TARGET_NAME = GChess;
			};
			name = Debug;
		};
		2BDF438B220CE65E00194737 /* Release */ = {
			isa = XCBuildConfiguration;
			buildSettings = {
				ALWAYS_EMBED_SWIFT_STANDARD_LIBRARIES = YES;
				CODE_SIGN_STYLE = Automatic;
				DEVELOPMENT_TEAM = 4PB52MPJS2;
				INFOPLIST_FILE = GChessUITests/Info.plist;
				LD_RUNPATH_SEARCH_PATHS = (
					"$(inherited)",
					"@executable_path/Frameworks",
					"@loader_path/Frameworks",
				);
				PRODUCT_BUNDLE_IDENTIFIER = com.meshpi.GChessUITests;
				PRODUCT_NAME = "$(TARGET_NAME)";
				SWIFT_VERSION = 4.2;
				TARGETED_DEVICE_FAMILY = "1,2";
				TEST_TARGET_NAME = GChess;
			};
			name = Release;
		};
/* End XCBuildConfiguration section */

/* Begin XCConfigurationList section */
		2BDF4356220CE65B00194737 /* Build configuration list for PBXProject "GChess" */ = {
			isa = XCConfigurationList;
			buildConfigurations = (
				2BDF4381220CE65E00194737 /* Debug */,
				2BDF4382220CE65E00194737 /* Release */,
			);
			defaultConfigurationIsVisible = 0;
			defaultConfigurationName = Release;
		};
		2BDF4383220CE65E00194737 /* Build configuration list for PBXNativeTarget "GChess" */ = {
			isa = XCConfigurationList;
			buildConfigurations = (
				2BDF4384220CE65E00194737 /* Debug */,
				2BDF4385220CE65E00194737 /* Release */,
			);
			defaultConfigurationIsVisible = 0;
			defaultConfigurationName = Release;
		};
		2BDF4386220CE65E00194737 /* Build configuration list for PBXNativeTarget "GChessTests" */ = {
			isa = XCConfigurationList;
			buildConfigurations = (
				2BDF4387220CE65E00194737 /* Debug */,
				2BDF4388220CE65E00194737 /* Release */,
			);
			defaultConfigurationIsVisible = 0;
			defaultConfigurationName = Release;
		};
		2BDF4389220CE65E00194737 /* Build configuration list for PBXNativeTarget "GChessUITests" */ = {
			isa = XCConfigurationList;
			buildConfigurations = (
				2BDF438A220CE65E00194737 /* Debug */,
				2BDF438B220CE65E00194737 /* Release */,
			);
			defaultConfigurationIsVisible = 0;
			defaultConfigurationName = Release;
		};
/* End XCConfigurationList section */
	};
	rootObject = 2BDF4353220CE65B00194737 /* Project object */;
}
